
Microsoft Visual Studio Solution File, Format Version 12.00
# Visual Studio 14
VisualStudioVersion = 14.0.25420.1
MinimumVisualStudioVersion = 10.0.40219.1
Project("{FAE04EC0-301F-11D3-BF4B-00C04F79EFBC}") = "LottoSend.com", "LottoSend.com\LottoSend.com.csproj", "{EA5C697F-0B71-46BD-B6F8-DB31A24C7386}"
EndProject
Project("{FAE04EC0-301F-11D3-BF4B-00C04F79EFBC}") = "TestFramework", "PageObjects\TestFramework.csproj", "{DF648A6F-5CB5-437D-86F1-EB784203BBA0}"
EndProject
Project("{FAE04EC0-301F-11D3-BF4B-00C04F79EFBC}") = "NewCombinedPageConfigTests", "NewCombinedPageConfigTests\NewCombinedPageConfigTests.csproj", "{0B984ACB-F737-46A0-ABDC-056D35BE8073}"
EndProject
Project("{FAE04EC0-301F-11D3-BF4B-00C04F79EFBC}") = "NewPlayPageConfigTests", "NewPlayPageConfigTests\NewPlayPageConfigTests.csproj", "{8B030B6B-DD7A-4308-A1F2-281021CF5CBB}"
EndProject
Global
	GlobalSection(SolutionConfigurationPlatforms) = preSolution
		Debug|Any CPU = Debug|Any CPU
		Release|Any CPU = Release|Any CPU
	EndGlobalSection
	GlobalSection(ProjectConfigurationPlatforms) = postSolution
		{EA5C697F-0B71-46BD-B6F8-DB31A24C7386}.Debug|Any CPU.ActiveCfg = Debug|Any CPU
		{EA5C697F-0B71-46BD-B6F8-DB31A24C7386}.Debug|Any CPU.Build.0 = Debug|Any CPU
		{EA5C697F-0B71-46BD-B6F8-DB31A24C7386}.Release|Any CPU.ActiveCfg = Release|Any CPU
		{EA5C697F-0B71-46BD-B6F8-DB31A24C7386}.Release|Any CPU.Build.0 = Release|Any CPU
		{DF648A6F-5CB5-437D-86F1-EB784203BBA0}.Debug|Any CPU.ActiveCfg = Debug|Any CPU
		{DF648A6F-5CB5-437D-86F1-EB784203BBA0}.Debug|Any CPU.Build.0 = Debug|Any CPU
		{DF648A6F-5CB5-437D-86F1-EB784203BBA0}.Release|Any CPU.ActiveCfg = Release|Any CPU
		{DF648A6F-5CB5-437D-86F1-EB784203BBA0}.Release|Any CPU.Build.0 = Release|Any CPU
		{0B984ACB-F737-46A0-ABDC-056D35BE8073}.Debug|Any CPU.ActiveCfg = Debug|Any CPU
		{0B984ACB-F737-46A0-ABDC-056D35BE8073}.Debug|Any CPU.Build.0 = Debug|Any CPU
		{0B984ACB-F737-46A0-ABDC-056D35BE8073}.Release|Any CPU.ActiveCfg = Release|Any CPU
		{0B984ACB-F737-46A0-ABDC-056D35BE8073}.Release|Any CPU.Build.0 = Release|Any CPU
		{8B030B6B-DD7A-4308-A1F2-281021CF5CBB}.Debug|Any CPU.ActiveCfg = Debug|Any CPU
		{8B030B6B-DD7A-4308-A1F2-281021CF5CBB}.Debug|Any CPU.Build.0 = Debug|Any CPU
		{8B030B6B-DD7A-4308-A1F2-281021CF5CBB}.Release|Any CPU.ActiveCfg = Release|Any CPU
		{8B030B6B-DD7A-4308-A1F2-281021CF5CBB}.Release|Any CPU.Build.0 = Release|Any CPU
	EndGlobalSection
	GlobalSection(SolutionProperties) = preSolution
		HideSolutionNode = FALSE
	EndGlobalSection
EndGlobal
